status=APPROVED_BEFORE_HELD_OUT_TEST
amendment_id=001
created_at_utc=2026-08-07T17:30:11Z
original_lock=/projects/u6dm/fastmri_project/fastmri_pipeline/outputs/qmax_stage_a/final_release/MAIN_EXPERIMENTS_COMPLETE.lock
original_lock_sha256=002d34392b43791c8f4edabc1b4793c1c04c586cc2818ecc4a5ec4e73e219c1b

scope=singlecoil_external_benchmark
design=prespecified_parallel_models
arm_a=QMaxSinglecoilFull
arm_b=QMaxSinglecoilFullFreqAux
arm_a_seed=1337
arm_b_seed=1337
arm_a_training_updates=100000
arm_b_training_updates=100000
batch_size=4
precision=fp32
checkpoint_policy=model_last_at_update100000
evaluation_protocol=identical_fsmnet_public_protocol
reporting_policy=report_both_parallel_models
selection_policy=no_selection_using_held_out_test
held_out_test_accessed=false
held_out_test_policy=one_evaluation_per_frozen_model_after_both_models_are_frozen
post_test_training_allowed=false
